version = 1
revision = 3
requires-python = ">=3.12"

[[package]]
name = "attendance-widget-app"
version = "0.1.0"
source = { editable = "." }
dependencies = [
    { name = "pyside6" },
    { name = "python-dotenv" },
    { name = "selenium" },
]

[package.metadata]
requires-dist = [
    { name = "pyside6", specifier = ">=6.9.0" },
    { name = "python-dotenv", specifier = ">=1.1.0" },
    { name = "selenium", specifier = ">=4.31.0" },
]

[[package]]
name = "attrs"
version = "25.4.0"
source = { registry = "https://pypi.org/simple" }
sdist = { url = "https://files.pythonhosted.org/packages/6b/5c/685e6633917e101e5dcb62b9dd76946cbb57c26e133bae9e0cd36033c0a9/attrs-25.4.0.tar.gz", hash = "sha256:16d5969b87f0859ef33a48b35d55ac1be6e42ae49d5e853b597db70c35c57e11", size = 934251, upload-time = "2025-10-06T13:54:44.725Z" }
wheels = [
    { url = "https://files.pythonhosted.org/packages/3a/2a/7cc015f5b9f5db42b7d48157e23356022889fc354a2813c15934b7cb5c0e/attrs-25.4.0-py3-none-any.whl", hash = "sha256:adcf7e2a1fb3b36ac48d97835bb6d8ade15b8dcce26aba8bf1d14847b57a3373", size = 67615, upload-time = "2025-10-06T13:54:43.17Z" },
]

[[package]]
name = "certifi"
version = "2026.2.25"
source = { registry = "https://pypi.org/simple" }
sdist = { url = "https://files.pythonhosted.org/packages/af/2d/7bf41579a8986e348fa033a31cdd0e4121114f6bce2457e8876010b092dd/certifi-2026.2.25.tar.gz", hash = "sha256:e887ab5cee78ea814d3472169153c2d12cd43b14bd03329a39a9c6e2e80bfba7", size = 155029, upload-time = "2026-02-25T02:54:17.342Z" }
wheels = [
    { url = "https://files.pythonhosted.org/packages/9a/3c/c17fb3ca2d9c3acff52e30b309f538586f9f5b9c9cf454f3845fc9af4881/certifi-2026.2.25-py3-none-any.whl", hash = "sha256:027692e4402ad994f1c42e52a4997a9763c646b73e4096e4d5d6db8af1d6f0fa", size = 153684, upload-time = "2026-02-25T02:54:15.766Z" },
]

[[package]]
name = "cffi"
version = "2.0.0"
source = { registry = "https://pypi.org/simple" }
dependencies = [
    { name = "pycparser", marker = "implementation_name != 'PyPy'" },
]
sdist = { url = "https://files.pythonhosted.org/packages/eb/56/b1ba7935a17738ae8453301356628e8147c79dbb825bcbc73dc7401f9846/cffi-2.0.0.tar.gz", hash = "sha256:44d1b5909021139fe36001ae048dbdde8214afa20200eda0f64c068cac5d5529", size = 523588, upload-time = "2025-09-08T23:24:04.541Z" }
wheels = [
    { url = "https://files.pythonhosted.org/packages/7b/2b/2b6435f76bfeb6bbf055596976da087377ede68df465419d192acf00c437/cffi-2.0.0-cp312-cp312-win32.whl", hash = "sha256:da902562c3e9c550df360bfa53c035b2f241fed6d9aef119048073680ace4a18", size = 172932, upload-time = "2025-09-08T23:22:57.188Z" },
    { url = "https://files.pythonhosted.org/packages/f8/ed/13bd4418627013bec4ed6e54283b1959cf6db888048c7cf4b4c3b5b36002/cffi-2.0.0-cp312-cp312-win_amd64.whl", hash = "sha256:da68248800ad6320861f129cd9c1bf96ca849a2771a59e0344e88681905916f5", size = 183557, upload-time = "2025-09-08T23:22:58.351Z" },
    { url = "https://files.pythonhosted.org/packages/95/31/9f7f93ad2f8eff1dbc1c3656d7ca5bfd8fb52c9d786b4dcf19b2d02217fa/cffi-2.0.0-cp312-cp312-win_arm64.whl", hash = "sha256:4671d9dd5ec934cb9a73e7ee9676f9362aba54f7f34910956b84d727b0d73fb6", size = 177762, upload-time = "2025-09-08T23:22:59.668Z" },
    { url = "https://files.pythonhosted.org/packages/eb/6d/bf9bda840d5f1dfdbf0feca87fbdb64a918a69bca42cfa0ba7b137c48cb8/cffi-2.0.0-cp313-cp313-win32.whl", hash = "sha256:74a03b9698e198d47562765773b4a8309919089150a0bb17d829ad7b44b60d27", size = 172909, upload-time = "2025-09-08T23:23:14.32Z" },
    { url = "https://files.pythonhosted.org/packages/37/18/6519e1ee6f5a1e579e04b9ddb6f1676c17368a7aba48299c3759bbc3c8b3/cffi-2.0.0-cp313-cp313-win_amd64.whl", hash = "sha256:19f705ada2530c1167abacb171925dd886168931e0a7b78f5bffcae5c6b5be75", size = 183402, upload-time = "2025-09-08T23:23:15.535Z" },
    { url = "https://files.pythonhosted.org/packages/cb/0e/02ceeec9a7d6ee63bb596121c2c8e9b3a9e150936f4fbef6ca1943e6137c/cffi-2.0.0-cp313-cp313-win_arm64.whl", hash = "sha256:256f80b80ca3853f90c21b23ee78cd008713787b1b1e93eae9f3d6a7134abd91", size = 177780, upload-time = "2025-09-08T23:23:16.761Z" },
    { url = "https://files.pythonhosted.org/packages/3e/aa/df335faa45b395396fcbc03de2dfcab242cd61a9900e914fe682a59170b1/cffi-2.0.0-cp314-cp314-win32.whl", hash = "sha256:087067fa8953339c723661eda6b54bc98c5625757ea62e95eb4898ad5e776e9f", size = 175328, upload-time = "2025-09-08T23:23:44.61Z" },
    { url = "https://files.pythonhosted.org/packages/bb/92/882c2d30831744296ce713f0feb4c1cd30f346ef747b530b5318715cc367/cffi-2.0.0-cp314-cp314-win_amd64.whl", hash = "sha256:203a48d1fb583fc7d78a4c6655692963b860a417c0528492a6bc21f1aaefab25", size = 185650, upload-time = "2025-09-08T23:23:45.848Z" },
    { url = "https://files.pythonhosted.org/packages/9f/2c/98ece204b9d35a7366b5b2c6539c350313ca13932143e79dc133ba757104/cffi-2.0.0-cp314-cp314-win_arm64.whl", hash = "sha256:dbd5c7a25a7cb98f5ca55d258b103a2054f859a46ae11aaf23134f9cc0d356ad", size = 180687, upload-time = "2025-09-08T23:23:47.105Z" },
    { url = "https://files.pythonhosted.org/packages/a0/1d/ec1a60bd1a10daa292d3cd6bb0b359a81607154fb8165f3ec95fe003b85c/cffi-2.0.0-cp314-cp314t-win32.whl", hash = "sha256:1fc9ea04857caf665289b7a75923f2c6ed559b8298a1b8c49e59f7dd95c8481e", size = 180487, upload-time = "2025-09-08T23:23:40.423Z" },
    { url = "https://files.pythonhosted.org/packages/bf/41/4c1168c74fac325c0c8156f04b6749c8b6a8f405bbf91413ba088359f60d/cffi-2.0.0-cp314-cp314t-win_amd64.whl", hash = "sha256:d68b6cef7827e8641e8ef16f4494edda8b36104d79773a334beaa1e3521430f6", size = 191726, upload-time = "2025-09-08T23:23:41.742Z" },
    { url = "https://files.pythonhosted.org/packages/ae/3a/dbeec9d1ee0844c679f6bb5d6ad4e9f198b1224f4e7a32825f47f6192b0c/cffi-2.0.0-cp314-cp314t-win_arm64.whl", hash = "sha256:0a1527a803f0a659de1af2e1fd700213caba79377e27e4693648c2923da066f9", size = 184195, upload-time = "2025-09-08T23:23:43.004Z" },
]

[[package]]
name = "h11"
version = "0.16.0"
source = { registry = "https://pypi.org/simple" }
sdist = { url = "https://files.pythonhosted.org/packages/01/ee/02a2c011bdab74c6fb3c75474d40b3052059d95df7e73351460c8588d963/h11-0.16.0.tar.gz", hash = "sha256:4e35b956cf45792e4caa5885e69fba00bdbc6ffafbfa020300e549b208ee5ff1", size = 101250, upload-time = "2025-04-24T03:35:25.427Z" }
wheels = [
    { url = "https://files.pythonhosted.org/packages/04/4b/29cac41a4d98d144bf5f6d33995617b185d14b22401f75ca86f384e87ff1/h11-0.16.0-py3-none-any.whl", hash = "sha256:63cf8bbe7522de3bf65932fda1d9c2772064ffb3dae62d55932da54b31cb6c86", size = 37515, upload-time = "2025-04-24T03:35:24.344Z" },
]

[[package]]
name = "idna"
version = "3.11"
source = { registry = "https://pypi.org/simple" }
sdist = { url = "https://files.pythonhosted.org/packages/6f/6d/0703ccc57f3a7233505399edb88de3cbd678da106337b9fcde432b65ed60/idna-3.11.tar.gz", hash = "sha256:795dafcc9c04ed0c1fb032c2aa73654d8e8c5023a7df64a53f39190ada629902", size = 194582, upload-time = "2025-10-12T14:55:20.501Z" }
wheels = [
    { url = "https://files.pythonhosted.org/packages/0e/61/66938bbb5fc52dbdf84594873d5b51fb1f7c7794e9c0f5bd885f30bc507b/idna-3.11-py3-none-any.whl", hash = "sha256:771a87f49d9defaf64091e6e6fe9c18d4833f140bd19464795bc32d966ca37ea", size = 71008, upload-time = "2025-10-12T14:55:18.883Z" },
]

[[package]]
name = "outcome"
version = "1.3.0.post0"
source = { registry = "https://pypi.org/simple" }
dependencies = [
    { name = "attrs" },
]
sdist = { url = "https://files.pythonhosted.org/packages/98/df/77698abfac98571e65ffeb0c1fba8ffd692ab8458d617a0eed7d9a8d38f2/outcome-1.3.0.post0.tar.gz", hash = "sha256:9dcf02e65f2971b80047b377468e72a268e15c0af3cf1238e6ff14f7f91143b8", size = 21060, upload-time = "2023-10-26T04:26:04.361Z" }
wheels = [
    { url = "https://files.pythonhosted.org/packages/55/8b/5ab7257531a5d830fc8000c476e63c935488d74609b50f9384a643ec0a62/outcome-1.3.0.post0-py2.py3-none-any.whl", hash = "sha256:e771c5ce06d1415e356078d3bdd68523f284b4ce5419828922b6871e65eda82b", size = 10692, upload-time = "2023-10-26T04:26:02.532Z" },
]

[[package]]
name = "pycparser"
version = "3.0"
source = { registry = "https://pypi.org/simple" }
sdist = { url = "https://files.pythonhosted.org/packages/1b/7d/92392ff7815c21062bea51aa7b87d45576f649f16458d78b7cf94b9ab2e6/pycparser-3.0.tar.gz", hash = "sha256:600f49d217304a5902ac3c37e1281c9fe94e4d0489de643a9504c5cdfdfc6b29", size = 103492, upload-time = "2026-01-21T14:26:51.89Z" }
wheels = [
    { url = "https://files.pythonhosted.org/packages/0c/c3/44f3fbbfa403ea2a7c779186dc20772604442dde72947e7d01069cbe98e3/pycparser-3.0-py3-none-any.whl", hash = "sha256:b727414169a36b7d524c1c3e31839a521725078d7b2ff038656844266160a992", size = 48172, upload-time = "2026-01-21T14:26:50.693Z" },
]

[[package]]
name = "pyside6"
version = "6.10.2"
source = { registry = "https://pypi.org/simple" }
dependencies = [
    { name = "pyside6-addons" },
    { name = "pyside6-essentials" },
    { name = "shiboken6" },
]
wheels = [
    { url = "https://files.pythonhosted.org/packages/35/0f/5736889fc850794623692cb369e295a994175e51295fa52134626f486296/pyside6-6.10.2-cp39-abi3-macosx_13_0_universal2.whl", hash = "sha256:4b084293caa7845d0064aaf6af258e0f7caae03a14a33537d0a552131afddaf0", size = 563185, upload-time = "2026-02-02T08:50:47.161Z" },
    { url = "https://files.pythonhosted.org/packages/35/d3/ab5cd2fac3d34469c7376e0cd18eec92905dbe44748c70bda7699a2a7206/pyside6-6.10.2-cp39-abi3-manylinux_2_34_x86_64.whl", hash = "sha256:1b89ce8558d4b4f35b85bff1db90d680912e4d3ce9e79ff804d6fef1d1a151ef", size = 563357, upload-time = "2026-02-02T08:50:48.919Z" },
    { url = "https://files.pythonhosted.org/packages/ea/8c/55bbd50c138c8dc12edc9f25e9d94760a33e574905468e98dff399094baa/pyside6-6.10.2-cp39-abi3-manylinux_2_39_aarch64.whl", hash = "sha256:0439f5e9b10ebe6177981bac9e219096ec970ac6ec215bef055279802ba50601", size = 563357, upload-time = "2026-02-02T08:50:50.077Z" },
    { url = "https://files.pythonhosted.org/packages/4f/d4/673b8112b4a260377f760be835c4e357163fdaf68a56a1aec59aeb8e584b/pyside6-6.10.2-cp39-abi3-win_amd64.whl", hash = "sha256:032bad6b18a17fcbf4dddd0397f49b07f8aae7f1a45b7e4de7037bf7fd6e0edf", size = 569554, upload-time = "2026-02-02T08:50:51.147Z" },
    { url = "https://files.pythonhosted.org/packages/14/95/bda648fcccf61fe58cb417284716ae30acdddd44f7d4cbad6eea4ccaa872/pyside6-6.10.2-cp39-abi3-win_arm64.whl", hash = "sha256:65a59ad0bc92525639e3268d590948ce07a80ee97b55e7a9200db41d493cac31", size = 553828, upload-time = "2026-02-02T08:50:52.244Z" },
]

[[package]]
name = "pyside6-addons"
version = "6.10.2"
source = { registry = "https://pypi.org/simple" }
dependencies = [
    { name = "pyside6-essentials" },
    { name = "shiboken6" },
]
wheels = [
    { url = "https://files.pythonhosted.org/packages/61/06/c283567628ffa2cefc3c72374ad607f1dfc9842a03db65f1347b9ae52bee/pyside6_addons-6.10.2-cp39-abi3-macosx_13_0_universal2.whl", hash = "sha256:0de7d0c9535e17d5e3b634b61314a1867f3b0f6d35c3d7cdc99efc353192faff", size = 322745605, upload-time = "2026-02-02T08:39:19.929Z" },
    { url = "https://files.pythonhosted.org/packages/a5/69/e1ab8c756fd3984b1fd7b186446227f524f6b561160bfbfdba8874b4709a/pyside6_addons-6.10.2-cp39-abi3-manylinux_2_34_x86_64.whl", hash = "sha256:030a851163b51dbf0063be59e9ddb6a9e760bde89a28e461ccc81a224d286eaf", size = 170718434, upload-time = "2026-02-02T08:40:55.989Z" },
    { url = "https://files.pythonhosted.org/packages/df/e5/18ba86ba86d1231c486d36f9accfe862ed6eb52ca0b698aeaf6e837a87ca/pyside6_addons-6.10.2-cp39-abi3-manylinux_2_39_aarch64.whl", hash = "sha256:fcee0373e3fd7b98f014094e5e37b4a39e4de7c5a47c13f654a7d557d4a426ad", size = 166423836, upload-time = "2026-02-02T08:42:44.918Z" },
    { url = "https://files.pythonhosted.org/packages/99/13/503bec9201881968c372cb634069535e80aec2489f3907d676e151a1023f/pyside6_addons-6.10.2-cp39-abi3-win_amd64.whl", hash = "sha256:c20150068525a17494f3b6576c5d61c417cf9a5870659e29f5ebd83cd20a78ea", size = 164712775, upload-time = "2026-02-02T08:43:23.729Z" },
    { url = "https://files.pythonhosted.org/packages/b6/39/44d6710b4dd18d745077b5fc6ded4ba6f32987a6e49c5834529e50f02155/pyside6_addons-6.10.2-cp39-abi3-win_arm64.whl", hash = "sha256:3d18db739b46946ba7b722d8ad4cc2097135033aa6ea57076e64d591e6a345f3", size = 34041396, upload-time = "2026-02-02T08:43:31.246Z" },
]

[[package]]
name = "pyside6-essentials"
version = "6.10.2"
source = { registry = "https://pypi.org/simple" }
dependencies = [
    { name = "shiboken6" },
]
wheels = [
    { url = "https://files.pythonhosted.org/packages/1d/2e/5f18a77f5e0bd730bacec93a690d0ef3c96a9711d213653eacecbf241b8d/pyside6_essentials-6.10.2-cp39-abi3-macosx_13_0_universal2.whl", hash = "sha256:1dee2cb9803ff135f881dadeb5c0edcef793d1ec4f8a9140a1348cecb71074e1", size = 105913067, upload-time = "2026-02-02T08:45:37.508Z" },
    { url = "https://files.pythonhosted.org/packages/99/20/3a6ca95052e1744b5a3eba164e2dd451d358a3dcaf78179de4b45c8e3f47/pyside6_essentials-6.10.2-cp39-abi3-manylinux_2_34_x86_64.whl", hash = "sha256:660aea45bfa36f1e06f799b934c2a7df963bd31abc5083e8bb8a5bfaef45686b", size = 77027153, upload-time = "2026-02-02T08:45:53.09Z" },
    { url = "https://files.pythonhosted.org/packages/93/a6/6073e4ddc2a5c7b3941606e4bc8bbaadcf0737f57450620b0793041c8d22/pyside6_essentials-6.10.2-cp39-abi3-manylinux_2_39_aarch64.whl", hash = "sha256:c2b028e4c6f8047a02c31f373408e23b4eedfd405f56c6aba8d0525c29472835", size = 76114242, upload-time = "2026-02-02T08:46:07.184Z" },
    { url = "https://files.pythonhosted.org/packages/22/a8/616bbbd009efd3e17bf9a2db09d90c6764c010565cd2bdea2a240bfd18f7/pyside6_essentials-6.10.2-cp39-abi3-win_amd64.whl", hash = "sha256:0741018c2b6395038cad4c41775cfae3f13a409e87995ac9f7d89e5b1fb6b22a", size = 74546490, upload-time = "2026-02-02T08:46:26.395Z" },
    { url = "https://files.pythonhosted.org/packages/b9/f9/c9757a984c4ffb6d12fab69e966d95dfc862a5d44e12b7900f3a03780b76/pyside6_essentials-6.10.2-cp39-abi3-win_arm64.whl", hash = "sha256:db5f4913648bb6afddb8b347edae151ee2378f12bceb03c8b2515a530a4b38d9", size = 55258626, upload-time = "2026-02-02T08:46:36.788Z" },
]

[[package]]
name = "pysocks"
version = "1.7.1"
source = { registry = "https://pypi.org/simple" }
sdist = { url = "https://files.pythonhosted.org/packages/bd/11/293dd436aea955d45fc4e8a35b6ae7270f5b8e00b53cf6c024c83b657a11/PySocks-1.7.1.tar.gz", hash = "sha256:3f8804571ebe159c380ac6de37643bb4685970655d3bba243530d6558b799aa0", size = 284429, upload-time = "2019-09-20T02:07:35.714Z" }
wheels = [
    { url = "https://files.pythonhosted.org/packages/8d/59/b4572118e098ac8e46e399a1dd0f2d85403ce8bbaad9ec79373ed6badaf9/PySocks-1.7.1-py3-none-any.whl", hash = "sha256:2725bd0a9925919b9b51739eea5f9e2bae91e83288108a9ad338b2e3a4435ee5", size = 16725, upload-time = "2019-09-20T02:06:22.938Z" },
]

[[package]]
name = "python-dotenv"
version = "1.2.2"
source = { registry = "https://pypi.org/simple" }
sdist = { url = "https://files.pythonhosted.org/packages/82/ed/0301aeeac3e5353ef3d94b6ec08bbcabd04a72018415dcb29e588514bba8/python_dotenv-1.2.2.tar.gz", hash = "sha256:2c371a91fbd7ba082c2c1dc1f8bf89ca22564a087c2c287cd9b662adde799cf3", size = 50135, upload-time = "2026-03-01T16:00:26.196Z" }
wheels = [
    { url = "https://files.pythonhosted.org/packages/0b/d7/1959b9648791274998a9c3526f6d0ec8fd2233e4d4acce81bbae76b44b2a/python_dotenv-1.2.2-py3-none-any.whl", hash = "sha256:1d8214789a24de455a8b8bd8ae6fe3c6b69a5e3d64aa8a8e5d68e694bbcb285a", size = 22101, upload-time = "2026-03-01T16:00:25.09Z" },
]

[[package]]
name = "selenium"
version = "4.41.0"
source = { registry = "https://pypi.org/simple" }
dependencies = [
    { name = "certifi" },
    { name = "trio" },
    { name = "trio-websocket" },
    { name = "typing-extensions" },
    { name = "urllib3", extra = ["socks"] },
    { name = "websocket-client" },
]
sdist = { url = "https://files.pythonhosted.org/packages/04/7c/133d00d6d013a17d3f39199f27f1a780ec2e95d7b9aa997dc1b8ac2e62a7/selenium-4.41.0.tar.gz", hash = "sha256:003e971f805231ad63e671783a2b91a299355d10cefb9de964c36ff3819115aa", size = 937872, upload-time = "2026-02-20T03:42:06.216Z" }
wheels = [
    { url = "https://files.pythonhosted.org/packages/a8/d6/e4160989ef6b272779af6f3e5c43c3ba9be6687bdc21c68c3fb220e555b3/selenium-4.41.0-py3-none-any.whl", hash = "sha256:b8ccde8d2e7642221ca64af184a92c19eee6accf2e27f20f30472f5efae18eb1", size = 9532858, upload-time = "2026-02-20T03:42:03.218Z" },
]

[[package]]
name = "shiboken6"
version = "6.10.2"
source = { registry = "https://pypi.org/simple" }
wheels = [
    { url = "https://files.pythonhosted.org/packages/fb/38/3912eb08a3b865b5fcdb4bdce8076cacc211986cee587f5cb62e637791af/shiboken6-6.10.2-cp39-abi3-macosx_13_0_universal2.whl", hash = "sha256:3bd4e94e9a3c8c1fa8362fd752d399ef39265d5264e4e37bae61cdaa2a00c8c7", size = 479829, upload-time = "2026-02-02T08:50:22.495Z" },
    { url = "https://files.pythonhosted.org/packages/52/88/292e0576489c46624ab419ee284ac5a59ae10e2eb34a58b6abca51dfd290/shiboken6-6.10.2-cp39-abi3-manylinux_2_34_x86_64.whl", hash = "sha256:ace0790032d9cb0adda644b94ee28d59410180d9773643bb6cf8438c361987ad", size = 273052, upload-time = "2026-02-02T08:50:24.539Z" },
    { url = "https://files.pythonhosted.org/packages/06/c2/03d44d34e8264e1f25671677fece95b414c70fd85dcc2be8d5e821ee2628/shiboken6-6.10.2-cp39-abi3-manylinux_2_39_aarch64.whl", hash = "sha256:f74d3ed1f92658077d0630c39e694eb043aeb1d830a5d275176c45d07147427f", size = 269868, upload-time = "2026-02-02T08:50:25.662Z" },
    { url = "https://files.pythonhosted.org/packages/71/5d/5ca52c0ef86b3d01572131b6709bd531a080995f7e680720e9424328ce1d/shiboken6-6.10.2-cp39-abi3-win_amd64.whl", hash = "sha256:10f3c8c5e1b8bee779346f21c10dbc14cff068f0b0b4e62420c82a6bf36ac2e7", size = 1222052, upload-time = "2026-02-02T08:50:27.502Z" },
    { url = "https://files.pythonhosted.org/packages/46/52/421fd378313c89b67ee7d584bf4e9ec088fa1804891b8d74e02b16703457/shiboken6-6.10.2-cp39-abi3-win_arm64.whl", hash = "sha256:20c671645d70835af212ee05df60361d734c5305edb2746e9875c6a31283f963", size = 1784089, upload-time = "2026-02-02T08:50:29.069Z" },
]

[[package]]
name = "sniffio"
version = "1.3.1"
source = { registry = "https://pypi.org/simple" }
sdist = { url = "https://files.pythonhosted.org/packages/a2/87/a6771e1546d97e7e041b6ae58d80074f81b7d5121207425c964ddf5cfdbd/sniffio-1.3.1.tar.gz", hash = "sha256:f4324edc670a0f49750a81b895f35c3adb843cca46f0530f79fc1babb23789dc", size = 20372, upload-time = "2024-02-25T23:20:04.057Z" }
wheels = [
    { url = "https://files.pythonhosted.org/packages/e9/44/75a9c9421471a6c4805dbf2356f7c181a29c1879239abab1ea2cc8f38b40/sniffio-1.3.1-py3-none-any.whl", hash = "sha256:2f6da418d1f1e0fddd844478f41680e794e6051915791a034ff65e5f100525a2", size = 10235, upload-time = "2024-02-25T23:20:01.196Z" },
]

[[package]]
name = "sortedcontainers"
version = "2.4.0"
source = { registry = "https://pypi.org/simple" }
sdist = { url = "https://files.pythonhosted.org/packages/e8/c4/ba2f8066cceb6f23394729afe52f3bf7adec04bf9ed2c820b39e19299111/sortedcontainers-2.4.0.tar.gz", hash = "sha256:25caa5a06cc30b6b83d11423433f65d1f9d76c4c6a0c90e3379eaa43b9bfdb88", size = 30594, upload-time = "2021-05-16T22:03:42.897Z" }
wheels = [
    { url = "https://files.pythonhosted.org/packages/32/46/9cb0e58b2deb7f82b84065f37f3bffeb12413f947f9388e4cac22c4621ce/sortedcontainers-2.4.0-py2.py3-none-any.whl", hash = "sha256:a163dcaede0f1c021485e957a39245190e74249897e2ae4b2aa38595db237ee0", size = 29575, upload-time = "2021-05-16T22:03:41.177Z" },
]

[[package]]
name = "trio"
version = "0.33.0"
source = { registry = "https://pypi.org/simple" }
dependencies = [
    { name = "attrs" },
    { name = "cffi", marker = "implementation_name != 'pypy' and os_name == 'nt'" },
    { name = "idna" },
    { name = "outcome" },
    { name = "sniffio" },
    { name = "sortedcontainers" },
]
sdist = { url = "https://files.pythonhosted.org/packages/52/b6/c744031c6f89b18b3f5f4f7338603ab381d740a7f45938c4607b2302481f/trio-0.33.0.tar.gz", hash = "sha256:a29b92b73f09d4b48ed249acd91073281a7f1063f09caba5dc70465b5c7aa970", size = 605109, upload-time = "2026-02-14T18:40:55.386Z" }
wheels = [
    { url = "https://files.pythonhosted.org/packages/1c/93/dab25dc87ac48da0fe0f6419e07d0bfd98799bed4e05e7b9e0f85a1a4b4b/trio-0.33.0-py3-none-any.whl", hash = "sha256:3bd5d87f781d9b0192d592aef28691f8951d6c2e41b7e1da4c25cde6c180ae9b", size = 510294, upload-time = "2026-02-14T18:40:53.313Z" },
]

[[package]]
name = "trio-websocket"
version = "0.12.2"
source = { registry = "https://pypi.org/simple" }
dependencies = [
    { name = "outcome" },
    { name = "trio" },
    { name = "wsproto" },
]
sdist = { url = "https://files.pythonhosted.org/packages/d1/3c/8b4358e81f2f2cfe71b66a267f023a91db20a817b9425dd964873796980a/trio_websocket-0.12.2.tar.gz", hash = "sha256:22c72c436f3d1e264d0910a3951934798dcc5b00ae56fc4ee079d46c7cf20fae", size = 33549, upload-time = "2025-02-25T05:16:58.947Z" }
wheels = [
    { url = "https://files.pythonhosted.org/packages/c7/19/eb640a397bba49ba49ef9dbe2e7e5c04202ba045b6ce2ec36e9cadc51e04/trio_websocket-0.12.2-py3-none-any.whl", hash = "sha256:df605665f1db533f4a386c94525870851096a223adcb97f72a07e8b4beba45b6", size = 21221, upload-time = "2025-02-25T05:16:57.545Z" },
]

[[package]]
name = "typing-extensions"
version = "4.15.0"
source = { registry = "https://pypi.org/simple" }
sdist = { url = "https://files.pythonhosted.org/packages/72/94/1a15dd82efb362ac84269196e94cf00f187f7ed21c242792a923cdb1c61f/typing_extensions-4.15.0.tar.gz", hash = "sha256:0cea48d173cc12fa28ecabc3b837ea3cf6f38c6d1136f85cbaaf598984861466", size = 109391, upload-time = "2025-08-25T13:49:26.313Z" }
wheels = [
    { url = "https://files.pythonhosted.org/packages/18/67/36e9267722cc04a6b9f15c7f3441c2363321a3ea07da7ae0c0707beb2a9c/typing_extensions-4.15.0-py3-none-any.whl", hash = "sha256:f0fa19c6845758ab08074a0cfa8b7aecb71c999ca73d62883bc25cc018c4e548", size = 44614, upload-time = "2025-08-25T13:49:24.86Z" },
]

[[package]]
name = "urllib3"
version = "2.6.3"
source = { registry = "https://pypi.org/simple" }
sdist = { url = "https://files.pythonhosted.org/packages/c7/24/5f1b3bdffd70275f6661c76461e25f024d5a38a46f04aaca912426a2b1d3/urllib3-2.6.3.tar.gz", hash = "sha256:1b62b6884944a57dbe321509ab94fd4d3b307075e0c2eae991ac71ee15ad38ed", size = 435556, upload-time = "2026-01-07T16:24:43.925Z" }
wheels = [
    { url = "https://files.pythonhosted.org/packages/39/08/aaaad47bc4e9dc8c725e68f9d04865dbcb2052843ff09c97b08904852d84/urllib3-2.6.3-py3-none-any.whl", hash = "sha256:bf272323e553dfb2e87d9bfd225ca7b0f467b919d7bbd355436d3fd37cb0acd4", size = 131584, upload-time = "2026-01-07T16:24:42.685Z" },
]

[package.optional-dependencies]
socks = [
    { name = "pysocks" },
]

[[package]]
name = "websocket-client"
version = "1.9.0"
source = { registry = "https://pypi.org/simple" }
sdist = { url = "https://files.pythonhosted.org/packages/2c/41/aa4bf9664e4cda14c3b39865b12251e8e7d239f4cd0e3cc1b6c2ccde25c1/websocket_client-1.9.0.tar.gz", hash = "sha256:9e813624b6eb619999a97dc7958469217c3176312b3a16a4bd1bc7e08a46ec98", size = 70576, upload-time = "2025-10-07T21:16:36.495Z" }
wheels = [
    { url = "https://files.pythonhosted.org/packages/34/db/b10e48aa8fff7407e67470363eac595018441cf32d5e1001567a7aeba5d2/websocket_client-1.9.0-py3-none-any.whl", hash = "sha256:af248a825037ef591efbf6ed20cc5faa03d3b47b9e5a2230a529eeee1c1fc3ef", size = 82616, upload-time = "2025-10-07T21:16:34.951Z" },
]

[[package]]
name = "wsproto"
version = "1.3.2"
source = { registry = "https://pypi.org/simple" }
dependencies = [
    { name = "h11" },
]
sdist = { url = "https://files.pythonhosted.org/packages/c7/79/12135bdf8b9c9367b8701c2c19a14c913c120b882d50b014ca0d38083c2c/wsproto-1.3.2.tar.gz", hash = "sha256:b86885dcf294e15204919950f666e06ffc6c7c114ca900b060d6e16293528294", size = 50116, upload-time = "2025-11-20T18:18:01.871Z" }
wheels = [
    { url = "https://files.pythonhosted.org/packages/a4/f5/10b68b7b1544245097b2a1b8238f66f2fc6dcaeb24ba5d917f52bd2eed4f/wsproto-1.3.2-py3-none-any.whl", hash = "sha256:61eea322cdf56e8cc904bd3ad7573359a242ba65688716b0710a5eb12beab584", size = 24405, upload-time = "2025-11-20T18:18:00.454Z" },
]
